
Microsoft Visual Studio Solution File, Format Version 12.00
# Visual Studio Version 17
VisualStudioVersion = 17.0.31919.166
MinimumVisualStudioVersion = 10.0.40219.1
Project("{FAE04EC0-301F-11D3-BF4B-00C04F79EFBC}") = "CalculadoraNova", "CalculadoraNova\CalculadoraNova.csproj", "{01A71EEB-1138-4FA8-8FB0-F05A35EBE47E}"
EndProject
Global
	GlobalSection(SolutionConfigurationPlatforms) = preSolution
		Debug|Any CPU = Debug|Any CPU
		Release|Any CPU = Release|Any CPU
	EndGlobalSection
	GlobalSection(ProjectConfigurationPlatforms) = postSolution
		{01A71EEB-1138-4FA8-8FB0-F05A35EBE47E}.Debug|Any CPU.ActiveCfg = Debug|Any CPU
		{01A71EEB-1138-4FA8-8FB0-F05A35EBE47E}.Debug|Any CPU.Build.0 = Debug|Any CPU
		{01A71EEB-1138-4FA8-8FB0-F05A35EBE47E}.Release|Any CPU.ActiveCfg = Release|Any CPU
		{01A71EEB-1138-4FA8-8FB0-F05A35EBE47E}.Release|Any CPU.Build.0 = Release|Any CPU
	EndGlobalSection
	GlobalSection(SolutionProperties) = preSolution
		HideSolutionNode = FALSE
	EndGlobalSection
	GlobalSection(ExtensibilityGlobals) = postSolution
		SolutionGuid = {C086B791-649D-4407-A8C2-336F329E0B56}
	EndGlobalSection
EndGlobal
